
Microsoft Visual Studio Solution File, Format Version 12.00
# Visual Studio 15
Project("{FAE04EC0-301F-11D3-BF4B-00C04F79EFBC}") = "TicTacToe", "TicTacToe\TicTacToe.csproj", "{F783EB86-909D-4EF6-8B4A-F9EB1C35F340}"
EndProject
Global
	GlobalSection(SolutionConfigurationPlatforms) = preSolution
		Debug|anycpu = Debug|anycpu
		Release|anycpu = Release|anycpu
	EndGlobalSection
	GlobalSection(ProjectConfigurationPlatforms) = postSolution
		{F783EB86-909D-4EF6-8B4A-F9EB1C35F340}.Debug|anycpu.ActiveCfg = Debug|anycpu
		{F783EB86-909D-4EF6-8B4A-F9EB1C35F340}.Debug|anycpu.Build.0 = Debug|anycpu
		{F783EB86-909D-4EF6-8B4A-F9EB1C35F340}.Release|anycpu.ActiveCfg = Release|anycpu
		{F783EB86-909D-4EF6-8B4A-F9EB1C35F340}.Release|anycpu.Build.0 = Release|anycpu
	EndGlobalSection
EndGlobal
